
Microsoft Visual Studio Solution File, Format Version 12.00
# Visual Studio 15
VisualStudioVersion = 15.0.26124.0
MinimumVisualStudioVersion = 15.0.26124.0
Project("{2150E333-8FDC-42A3-9474-1A3956D46DE8}") = "src", "src", "{57E0E1F5-F78F-425F-BFE2-D6D57043348A}"
EndProject
Project("{FAE04EC0-301F-11D3-BF4B-00C04F79EFBC}") = "PalTracker", "src\PalTracker\PalTracker.csproj", "{BA212E25-173A-436A-BFA4-75A0061649D9}"
EndProject
Project("{2150E333-8FDC-42A3-9474-1A3956D46DE8}") = "test", "test", "{9F837BB9-88DD-4FB1-9743-863A64FADDE2}"
EndProject
Project("{FAE04EC0-301F-11D3-BF4B-00C04F79EFBC}") = "PalTrackerTests", "test\PalTrackerTests\PalTrackerTests.csproj", "{AF0BEBE5-A3AF-40B7-B8A4-78814AB26D09}"
EndProject
Global
	GlobalSection(SolutionConfigurationPlatforms) = preSolution
		Debug|Any CPU = Debug|Any CPU
		Debug|x64 = Debug|x64
		Debug|x86 = Debug|x86
		Release|Any CPU = Release|Any CPU
		Release|x64 = Release|x64
		Release|x86 = Release|x86
	EndGlobalSection
	GlobalSection(SolutionProperties) = preSolution
		HideSolutionNode = FALSE
	EndGlobalSection
	GlobalSection(ProjectConfigurationPlatforms) = postSolution
		{BA212E25-173A-436A-BFA4-75A0061649D9}.Debug|Any CPU.ActiveCfg = Debug|Any CPU
		{BA212E25-173A-436A-BFA4-75A0061649D9}.Debug|Any CPU.Build.0 = Debug|Any CPU
		{BA212E25-173A-436A-BFA4-75A0061649D9}.Debug|x64.ActiveCfg = Debug|Any CPU
		{BA212E25-173A-436A-BFA4-75A0061649D9}.Debug|x64.Build.0 = Debug|Any CPU
		{BA212E25-173A-436A-BFA4-75A0061649D9}.Debug|x86.ActiveCfg = Debug|Any CPU
		{BA212E25-173A-436A-BFA4-75A0061649D9}.Debug|x86.Build.0 = Debug|Any CPU
		{BA212E25-173A-436A-BFA4-75A0061649D9}.Release|Any CPU.ActiveCfg = Release|Any CPU
		{BA212E25-173A-436A-BFA4-75A0061649D9}.Release|Any CPU.Build.0 = Release|Any CPU
		{BA212E25-173A-436A-BFA4-75A0061649D9}.Release|x64.ActiveCfg = Release|Any CPU
		{BA212E25-173A-436A-BFA4-75A0061649D9}.Release|x64.Build.0 = Release|Any CPU
		{BA212E25-173A-436A-BFA4-75A0061649D9}.Release|x86.ActiveCfg = Release|Any CPU
		{BA212E25-173A-436A-BFA4-75A0061649D9}.Release|x86.Build.0 = Release|Any CPU
		{AF0BEBE5-A3AF-40B7-B8A4-78814AB26D09}.Debug|Any CPU.ActiveCfg = Debug|Any CPU
		{AF0BEBE5-A3AF-40B7-B8A4-78814AB26D09}.Debug|Any CPU.Build.0 = Debug|Any CPU
		{AF0BEBE5-A3AF-40B7-B8A4-78814AB26D09}.Debug|x64.ActiveCfg = Debug|Any CPU
		{AF0BEBE5-A3AF-40B7-B8A4-78814AB26D09}.Debug|x64.Build.0 = Debug|Any CPU
		{AF0BEBE5-A3AF-40B7-B8A4-78814AB26D09}.Debug|x86.ActiveCfg = Debug|Any CPU
		{AF0BEBE5-A3AF-40B7-B8A4-78814AB26D09}.Debug|x86.Build.0 = Debug|Any CPU
		{AF0BEBE5-A3AF-40B7-B8A4-78814AB26D09}.Release|Any CPU.ActiveCfg = Release|Any CPU
		{AF0BEBE5-A3AF-40B7-B8A4-78814AB26D09}.Release|Any CPU.Build.0 = Release|Any CPU
		{AF0BEBE5-A3AF-40B7-B8A4-78814AB26D09}.Release|x64.ActiveCfg = Release|Any CPU
		{AF0BEBE5-A3AF-40B7-B8A4-78814AB26D09}.Release|x64.Build.0 = Release|Any CPU
		{AF0BEBE5-A3AF-40B7-B8A4-78814AB26D09}.Release|x86.ActiveCfg = Release|Any CPU
		{AF0BEBE5-A3AF-40B7-B8A4-78814AB26D09}.Release|x86.Build.0 = Release|Any CPU
	EndGlobalSection
	GlobalSection(NestedProjects) = preSolution
		{BA212E25-173A-436A-BFA4-75A0061649D9} = {57E0E1F5-F78F-425F-BFE2-D6D57043348A}
		{AF0BEBE5-A3AF-40B7-B8A4-78814AB26D09} = {9F837BB9-88DD-4FB1-9743-863A64FADDE2}
	EndGlobalSection
EndGlobal
